
Microsoft Visual Studio Solution File, Format Version 12.00
# Visual Studio Version 16
VisualStudioVersion = 16.0.31702.278
MinimumVisualStudioVersion = 10.0.40219.1
Project("{FAE04EC0-301F-11D3-BF4B-00C04F79EFBC}") = "Farcas_Diana_Lab10.Android", "Farcas_Diana_Lab10.Android\Farcas_Diana_Lab10.Android.csproj", "{0B035E64-5BC2-4545-B3C2-73F0131A1DA8}"
EndProject
Project("{FAE04EC0-301F-11D3-BF4B-00C04F79EFBC}") = "Farcas_Diana_Lab10.iOS", "Farcas_Diana_Lab10.iOS\Farcas_Diana_Lab10.iOS.csproj", "{3AFE87DF-4936-497F-88AF-191601878E81}"
EndProject
Project("{FAE04EC0-301F-11D3-BF4B-00C04F79EFBC}") = "Farcas_Diana_Lab10", "Farcas_Diana_Lab10\Farcas_Diana_Lab10.csproj", "{629D8850-6B52-45A9-8EA4-A49535960BC8}"
EndProject
Global
	GlobalSection(SolutionConfigurationPlatforms) = preSolution
		Debug|Any CPU = Debug|Any CPU
		Debug|iPhone = Debug|iPhone
		Debug|iPhoneSimulator = Debug|iPhoneSimulator
		Release|Any CPU = Release|Any CPU
		Release|iPhone = Release|iPhone
		Release|iPhoneSimulator = Release|iPhoneSimulator
	EndGlobalSection
	GlobalSection(ProjectConfigurationPlatforms) = postSolution
		{0B035E64-5BC2-4545-B3C2-73F0131A1DA8}.Debug|Any CPU.ActiveCfg = Debug|Any CPU
		{0B035E64-5BC2-4545-B3C2-73F0131A1DA8}.Debug|Any CPU.Build.0 = Debug|Any CPU
		{0B035E64-5BC2-4545-B3C2-73F0131A1DA8}.Debug|Any CPU.Deploy.0 = Debug|Any CPU
		{0B035E64-5BC2-4545-B3C2-73F0131A1DA8}.Debug|iPhone.ActiveCfg = Debug|Any CPU
		{0B035E64-5BC2-4545-B3C2-73F0131A1DA8}.Debug|iPhone.Build.0 = Debug|Any CPU
		{0B035E64-5BC2-4545-B3C2-73F0131A1DA8}.Debug|iPhone.Deploy.0 = Debug|Any CPU
		{0B035E64-5BC2-4545-B3C2-73F0131A1DA8}.Debug|iPhoneSimulator.ActiveCfg = Debug|Any CPU
		{0B035E64-5BC2-4545-B3C2-73F0131A1DA8}.Debug|iPhoneSimulator.Build.0 = Debug|Any CPU
		{0B035E64-5BC2-4545-B3C2-73F0131A1DA8}.Debug|iPhoneSimulator.Deploy.0 = Debug|Any CPU
		{0B035E64-5BC2-4545-B3C2-73F0131A1DA8}.Release|Any CPU.ActiveCfg = Release|Any CPU
		{0B035E64-5BC2-4545-B3C2-73F0131A1DA8}.Release|Any CPU.Build.0 = Release|Any CPU
		{0B035E64-5BC2-4545-B3C2-73F0131A1DA8}.Release|Any CPU.Deploy.0 = Release|Any CPU
		{0B035E64-5BC2-4545-B3C2-73F0131A1DA8}.Release|iPhone.ActiveCfg = Release|Any CPU
		{0B035E64-5BC2-4545-B3C2-73F0131A1DA8}.Release|iPhone.Build.0 = Release|Any CPU
		{0B035E64-5BC2-4545-B3C2-73F0131A1DA8}.Release|iPhone.Deploy.0 = Release|Any CPU
		{0B035E64-5BC2-4545-B3C2-73F0131A1DA8}.Release|iPhoneSimulator.ActiveCfg = Release|Any CPU
		{0B035E64-5BC2-4545-B3C2-73F0131A1DA8}.Release|iPhoneSimulator.Build.0 = Release|Any CPU
		{0B035E64-5BC2-4545-B3C2-73F0131A1DA8}.Release|iPhoneSimulator.Deploy.0 = Release|Any CPU
		{3AFE87DF-4936-497F-88AF-191601878E81}.Debug|Any CPU.ActiveCfg = Debug|iPhone
		{3AFE87DF-4936-497F-88AF-191601878E81}.Debug|Any CPU.Build.0 = Debug|iPhone
		{3AFE87DF-4936-497F-88AF-191601878E81}.Debug|Any CPU.Deploy.0 = Debug|iPhone
		{3AFE87DF-4936-497F-88AF-191601878E81}.Debug|iPhone.ActiveCfg = Debug|iPhone
		{3AFE87DF-4936-497F-88AF-191601878E81}.Debug|iPhone.Build.0 = Debug|iPhone
		{3AFE87DF-4936-497F-88AF-191601878E81}.Debug|iPhone.Deploy.0 = Debug|iPhone
		{3AFE87DF-4936-497F-88AF-191601878E81}.Debug|iPhoneSimulator.ActiveCfg = Debug|iPhoneSimulator
		{3AFE87DF-4936-497F-88AF-191601878E81}.Debug|iPhoneSimulator.Build.0 = Debug|iPhoneSimulator
		{3AFE87DF-4936-497F-88AF-191601878E81}.Debug|iPhoneSimulator.Deploy.0 = Debug|iPhoneSimulator
		{3AFE87DF-4936-497F-88AF-191601878E81}.Release|Any CPU.ActiveCfg = Release|iPhoneSimulator
		{3AFE87DF-4936-497F-88AF-191601878E81}.Release|Any CPU.Build.0 = Release|iPhoneSimulator
		{3AFE87DF-4936-497F-88AF-191601878E81}.Release|Any CPU.Deploy.0 = Release|iPhoneSimulator
		{3AFE87DF-4936-497F-88AF-191601878E81}.Release|iPhone.ActiveCfg = Release|iPhone
		{3AFE87DF-4936-497F-88AF-191601878E81}.Release|iPhone.Build.0 = Release|iPhone
		{3AFE87DF-4936-497F-88AF-191601878E81}.Release|iPhone.Deploy.0 = Release|iPhone
		{3AFE87DF-4936-497F-88AF-191601878E81}.Release|iPhoneSimulator.ActiveCfg = Release|iPhoneSimulator
		{3AFE87DF-4936-497F-88AF-191601878E81}.Release|iPhoneSimulator.Build.0 = Release|iPhoneSimulator
		{3AFE87DF-4936-497F-88AF-191601878E81}.Release|iPhoneSimulator.Deploy.0 = Release|iPhoneSimulator
		{629D8850-6B52-45A9-8EA4-A49535960BC8}.Debug|Any CPU.ActiveCfg = Debug|Any CPU
		{629D8850-6B52-45A9-8EA4-A49535960BC8}.Debug|Any CPU.Build.0 = Debug|Any CPU
		{629D8850-6B52-45A9-8EA4-A49535960BC8}.Debug|Any CPU.Deploy.0 = Debug|Any CPU
		{629D8850-6B52-45A9-8EA4-A49535960BC8}.Debug|iPhone.ActiveCfg = Debug|Any CPU
		{629D8850-6B52-45A9-8EA4-A49535960BC8}.Debug|iPhone.Build.0 = Debug|Any CPU
		{629D8850-6B52-45A9-8EA4-A49535960BC8}.Debug|iPhone.Deploy.0 = Debug|Any CPU
		{629D8850-6B52-45A9-8EA4-A49535960BC8}.Debug|iPhoneSimulator.ActiveCfg = Debug|Any CPU
		{629D8850-6B52-45A9-8EA4-A49535960BC8}.Debug|iPhoneSimulator.Build.0 = Debug|Any CPU
		{629D8850-6B52-45A9-8EA4-A49535960BC8}.Debug|iPhoneSimulator.Deploy.0 = Debug|Any CPU
		{629D8850-6B52-45A9-8EA4-A49535960BC8}.Release|Any CPU.ActiveCfg = Release|Any CPU
		{629D8850-6B52-45A9-8EA4-A49535960BC8}.Release|Any CPU.Build.0 = Release|Any CPU
		{629D8850-6B52-45A9-8EA4-A49535960BC8}.Release|Any CPU.Deploy.0 = Release|Any CPU
		{629D8850-6B52-45A9-8EA4-A49535960BC8}.Release|iPhone.ActiveCfg = Release|Any CPU
		{629D8850-6B52-45A9-8EA4-A49535960BC8}.Release|iPhone.Build.0 = Release|Any CPU
		{629D8850-6B52-45A9-8EA4-A49535960BC8}.Release|iPhone.Deploy.0 = Release|Any CPU
		{629D8850-6B52-45A9-8EA4-A49535960BC8}.Release|iPhoneSimulator.ActiveCfg = Release|Any CPU
		{629D8850-6B52-45A9-8EA4-A49535960BC8}.Release|iPhoneSimulator.Build.0 = Release|Any CPU
		{629D8850-6B52-45A9-8EA4-A49535960BC8}.Release|iPhoneSimulator.Deploy.0 = Release|Any CPU
	EndGlobalSection
	GlobalSection(SolutionProperties) = preSolution
		HideSolutionNode = FALSE
	EndGlobalSection
	GlobalSection(ExtensibilityGlobals) = postSolution
		SolutionGuid = {209948A7-0655-47FB-8C4A-A60735BF0BC1}
	EndGlobalSection
EndGlobal
